
Microsoft Visual Studio Solution File, Format Version 12.00
# Visual Studio Version 17
VisualStudioVersion = 17.0.31912.275
MinimumVisualStudioVersion = 10.0.40219.1
Project("{FAE04EC0-301F-11D3-BF4B-00C04F79EFBC}") = "WinFormsApp1", "WinFormsApp1\WinFormsApp1.csproj", "{855C029E-2BDA-4AF0-AE0A-1BD3EBF06D96}"
EndProject
Global
	GlobalSection(SolutionConfigurationPlatforms) = preSolution
		Debug|Any CPU = Debug|Any CPU
		Release|Any CPU = Release|Any CPU
	EndGlobalSection
	GlobalSection(ProjectConfigurationPlatforms) = postSolution
		{855C029E-2BDA-4AF0-AE0A-1BD3EBF06D96}.Debug|Any CPU.ActiveCfg = Debug|Any CPU
		{855C029E-2BDA-4AF0-AE0A-1BD3EBF06D96}.Debug|Any CPU.Build.0 = Debug|Any CPU
		{855C029E-2BDA-4AF0-AE0A-1BD3EBF06D96}.Release|Any CPU.ActiveCfg = Release|Any CPU
		{855C029E-2BDA-4AF0-AE0A-1BD3EBF06D96}.Release|Any CPU.Build.0 = Release|Any CPU
	EndGlobalSection
	GlobalSection(SolutionProperties) = preSolution
		HideSolutionNode = FALSE
	EndGlobalSection
	GlobalSection(ExtensibilityGlobals) = postSolution
		SolutionGuid = {472560D1-34D2-4DD4-8E89-D3DD2BDB3562}
	EndGlobalSection
EndGlobal
